// !$*UTF8*$!
{
	archiveVersion = 1;
	classes = {
	};
	objectVersion = 50;
	objects = {

/* Begin PBXBuildFile section */
		AE31E0F921966599004F8FEA /* BranchListController.swift in Sources */ = {isa = PBXBuildFile; fileRef = AE31E0F821966599004F8FEA /* BranchListController.swift */; };
		AE31E0FE2196681F004F8FEA /* BranchCell.swift in Sources */ = {isa = PBXBuildFile; fileRef = AE31E0FD2196681F004F8FEA /* BranchCell.swift */; };
		AE31E1002198B1FB004F8FEA /* EvaluationDetailsController.swift in Sources */ = {isa = PBXBuildFile; fileRef = AE31E0FF2198B1FB004F8FEA /* EvaluationDetailsController.swift */; };
		AE56D789216A74F900FD576A /* TrialDetailsController.swift in Sources */ = {isa = PBXBuildFile; fileRef = AE56D788216A74F900FD576A /* TrialDetailsController.swift */; };
		AEA88C3A217D163600D32E67 /* Evalution.swift in Sources */ = {isa = PBXBuildFile; fileRef = AEA88C39217D163600D32E67 /* Evalution.swift */; };
		AEA88C3D217D17A500D32E67 /* RecentEvaluationsView.swift in Sources */ = {isa = PBXBuildFile; fileRef = AEA88C3C217D17A500D32E67 /* RecentEvaluationsView.swift */; };
		AEA88C3F217D1BE800D32E67 /* RecentEvalTableViewCell.swift in Sources */ = {isa = PBXBuildFile; fileRef = AEA88C3E217D1BE800D32E67 /* RecentEvalTableViewCell.swift */; };
		AEABE2F02194FC35005D6BFB /* CreateBranchController.swift in Sources */ = {isa = PBXBuildFile; fileRef = AEABE2EF2194FC35005D6BFB /* CreateBranchController.swift */; };
		AEABE2F221951964005D6BFB /* Branch.swift in Sources */ = {isa = PBXBuildFile; fileRef = AEABE2F121951964005D6BFB /* Branch.swift */; };
		AEABE2F421951992005D6BFB /* Step.swift in Sources */ = {isa = PBXBuildFile; fileRef = AEABE2F321951992005D6BFB /* Step.swift */; };
		AEBABD1321758E9B0060B4DE /* QuestionCell.swift in Sources */ = {isa = PBXBuildFile; fileRef = AEBABD1221758E9B0060B4DE /* QuestionCell.swift */; };
		AED78E7D2165A125002104FF /* TrialListController.swift in Sources */ = {isa = PBXBuildFile; fileRef = AED78E7C2165A125002104FF /* TrialListController.swift */; };
		AED78E812165AB2E002104FF /* Trial.swift in Sources */ = {isa = PBXBuildFile; fileRef = AED78E802165AB2E002104FF /* Trial.swift */; };
		AED78E832165B35B002104FF /* TrialViewCell.swift in Sources */ = {isa = PBXBuildFile; fileRef = AED78E822165B35B002104FF /* TrialViewCell.swift */; };
		AED78E852165B640002104FF /* APIManager.swift in Sources */ = {isa = PBXBuildFile; fileRef = AED78E842165B640002104FF /* APIManager.swift */; };
		AEF7E2F1216ED31800671A14 /* QuestionnaireListView.swift in Sources */ = {isa = PBXBuildFile; fileRef = AEF7E2F0216ED31800671A14 /* QuestionnaireListView.swift */; };
		AEF7E2F3216ED69100671A14 /* CreateQuestionView.swift in Sources */ = {isa = PBXBuildFile; fileRef = AEF7E2F2216ED69100671A14 /* CreateQuestionView.swift */; };
		AEF7E2F6217025B100671A14 /* Question.swift in Sources */ = {isa = PBXBuildFile; fileRef = AEF7E2F5217025B100671A14 /* Question.swift */; };
		AEF7E2F8217039F900671A14 /* Answer.swift in Sources */ = {isa = PBXBuildFile; fileRef = AEF7E2F7217039F900671A14 /* Answer.swift */; };
		C91ACBF6208D69FD001C4516 /* AppDelegate.swift in Sources */ = {isa = PBXBuildFile; fileRef = C91ACBF5208D69FD001C4516 /* AppDelegate.swift */; };
		C91ACBF8208D69FD001C4516 /* ViewController.swift in Sources */ = {isa = PBXBuildFile; fileRef = C91ACBF7208D69FD001C4516 /* ViewController.swift */; };
		C91ACBFB208D69FD001C4516 /* Main.storyboard in Resources */ = {isa = PBXBuildFile; fileRef = C91ACBF9208D69FD001C4516 /* Main.storyboard */; };
		C91ACBFD208D69FE001C4516 /* Assets.xcassets in Resources */ = {isa = PBXBuildFile; fileRef = C91ACBFC208D69FE001C4516 /* Assets.xcassets */; };
		C91ACC00208D69FE001C4516 /* LaunchScreen.storyboard in Resources */ = {isa = PBXBuildFile; fileRef = C91ACBFE208D69FE001C4516 /* LaunchScreen.storyboard */; };
		C91ACC0B208D69FE001C4516 /* MedOpsTrialManagementTests.swift in Sources */ = {isa = PBXBuildFile; fileRef = C91ACC0A208D69FE001C4516 /* MedOpsTrialManagementTests.swift */; };
		C91ACC16208D69FE001C4516 /* MedOpsTrialManagementUITests.swift in Sources */ = {isa = PBXBuildFile; fileRef = C91ACC15208D69FE001C4516 /* MedOpsTrialManagementUITests.swift */; };
		C92D60662166F2DE00A6F985 /* Diseases.swift in Sources */ = {isa = PBXBuildFile; fileRef = C92D60652166F2DE00A6F985 /* Diseases.swift */; };
		C92D606A216708FE00A6F985 /* TrialModel.swift in Sources */ = {isa = PBXBuildFile; fileRef = C92D6069216708FE00A6F985 /* TrialModel.swift */; };
		C92D8A912165C3D30040C97B /* CreateTrialViewController.swift in Sources */ = {isa = PBXBuildFile; fileRef = C92D8A902165C3D30040C97B /* CreateTrialViewController.swift */; };
		C99F9A08208F9676003991A1 /* TriallMainController.swift in Sources */ = {isa = PBXBuildFile; fileRef = C99F9A07208F9676003991A1 /* TriallMainController.swift */; };
		C99F9A0A208FA8B1003991A1 /* TrialDataMainPageController.swift in Sources */ = {isa = PBXBuildFile; fileRef = C99F9A09208FA8B1003991A1 /* TrialDataMainPageController.swift */; };
		C99F9A0C2090B059003991A1 /* TrialDataCollectionFormViewController.swift in Sources */ = {isa = PBXBuildFile; fileRef = C99F9A0B2090B059003991A1 /* TrialDataCollectionFormViewController.swift */; };
		C99F9A0E2091E117003991A1 /* PatientSignatureViewController.swift in Sources */ = {isa = PBXBuildFile; fileRef = C99F9A0D2091E117003991A1 /* PatientSignatureViewController.swift */; };
		C99F9A102091E4AF003991A1 /* TrialPatientSampleCollectionViewController.swift in Sources */ = {isa = PBXBuildFile; fileRef = C99F9A0F2091E4AF003991A1 /* TrialPatientSampleCollectionViewController.swift */; };
		C9C1227B21740135004D502E /* User.swift in Sources */ = {isa = PBXBuildFile; fileRef = C9C1227A21740135004D502E /* User.swift */; };
/* End PBXBuildFile section */

/* Begin PBXContainerItemProxy section */
		C91ACC07208D69FE001C4516 /* PBXContainerItemProxy */ = {
			isa = PBXContainerItemProxy;
			containerPortal = C91ACBEA208D69FD001C4516 /* Project object */;
			proxyType = 1;
			remoteGlobalIDString = C91ACBF1208D69FD001C4516;
			remoteInfo = MedOpsTrialManagement;
		};
		C91ACC12208D69FE001C4516 /* PBXContainerItemProxy */ = {
			isa = PBXContainerItemProxy;
			containerPortal = C91ACBEA208D69FD001C4516 /* Project object */;
			proxyType = 1;
			remoteGlobalIDString = C91ACBF1208D69FD001C4516;
			remoteInfo = MedOpsTrialManagement;
		};
/* End PBXContainerItemProxy section */

/* Begin PBXFileReference section */
		AE31E0F821966599004F8FEA /* BranchListController.swift */ = {isa = PBXFileReference; lastKnownFileType = sourcecode.swift; path = BranchListController.swift; sourceTree = "<group>"; };
		AE31E0FD2196681F004F8FEA /* BranchCell.swift */ = {isa = PBXFileReference; lastKnownFileType = sourcecode.swift; path = BranchCell.swift; sourceTree = "<group>"; };
		AE31E0FF2198B1FB004F8FEA /* EvaluationDetailsController.swift */ = {isa = PBXFileReference; lastKnownFileType = sourcecode.swift; path = EvaluationDetailsController.swift; sourceTree = "<group>"; };
		AE56D788216A74F900FD576A /* TrialDetailsController.swift */ = {isa = PBXFileReference; lastKnownFileType = sourcecode.swift; path = TrialDetailsController.swift; sourceTree = "<group>"; };
		AEA88C39217D163600D32E67 /* Evalution.swift */ = {isa = PBXFileReference; lastKnownFileType = sourcecode.swift; path = Evalution.swift; sourceTree = "<group>"; };
		AEA88C3C217D17A500D32E67 /* RecentEvaluationsView.swift */ = {isa = PBXFileReference; lastKnownFileType = sourcecode.swift; path = RecentEvaluationsView.swift; sourceTree = "<group>"; };
		AEA88C3E217D1BE800D32E67 /* RecentEvalTableViewCell.swift */ = {isa = PBXFileReference; lastKnownFileType = sourcecode.swift; path = RecentEvalTableViewCell.swift; sourceTree = "<group>"; };
		AEABE2EF2194FC35005D6BFB /* CreateBranchController.swift */ = {isa = PBXFileReference; lastKnownFileType = sourcecode.swift; path = CreateBranchController.swift; sourceTree = "<group>"; };
		AEABE2F121951964005D6BFB /* Branch.swift */ = {isa = PBXFileReference; lastKnownFileType = sourcecode.swift; path = Branch.swift; sourceTree = "<group>"; };
		AEABE2F321951992005D6BFB /* Step.swift */ = {isa = PBXFileReference; lastKnownFileType = sourcecode.swift; path = Step.swift; sourceTree = "<group>"; };
		AEBABD1221758E9B0060B4DE /* QuestionCell.swift */ = {isa = PBXFileReference; lastKnownFileType = sourcecode.swift; path = QuestionCell.swift; sourceTree = "<group>"; };
		AED78E7C2165A125002104FF /* TrialListController.swift */ = {isa = PBXFileReference; lastKnownFileType = sourcecode.swift; path = TrialListController.swift; sourceTree = "<group>"; };
		AED78E802165AB2E002104FF /* Trial.swift */ = {isa = PBXFileReference; lastKnownFileType = sourcecode.swift; path = Trial.swift; sourceTree = "<group>"; };
		AED78E822165B35B002104FF /* TrialViewCell.swift */ = {isa = PBXFileReference; lastKnownFileType = sourcecode.swift; path = TrialViewCell.swift; sourceTree = "<group>"; };
		AED78E842165B640002104FF /* APIManager.swift */ = {isa = PBXFileReference; lastKnownFileType = sourcecode.swift; path = APIManager.swift; sourceTree = "<group>"; };
		AEF7E2F0216ED31800671A14 /* QuestionnaireListView.swift */ = {isa = PBXFileReference; lastKnownFileType = sourcecode.swift; path = QuestionnaireListView.swift; sourceTree = "<group>"; };
		AEF7E2F2216ED69100671A14 /* CreateQuestionView.swift */ = {isa = PBXFileReference; lastKnownFileType = sourcecode.swift; path = CreateQuestionView.swift; sourceTree = "<group>"; };
		AEF7E2F5217025B100671A14 /* Question.swift */ = {isa = PBXFileReference; lastKnownFileType = sourcecode.swift; path = Question.swift; sourceTree = "<group>"; };
		AEF7E2F7217039F900671A14 /* Answer.swift */ = {isa = PBXFileReference; lastKnownFileType = sourcecode.swift; path = Answer.swift; sourceTree = "<group>"; };
		C91ACBF2208D69FD001C4516 /* MedOpsTrialManagement.app */ = {isa = PBXFileReference; explicitFileType = wrapper.application; includeInIndex = 0; path = MedOpsTrialManagement.app; sourceTree = BUILT_PRODUCTS_DIR; };
		C91ACBF5208D69FD001C4516 /* AppDelegate.swift */ = {isa = PBXFileReference; lastKnownFileType = sourcecode.swift; path = AppDelegate.swift; sourceTree = "<group>"; };
		C91ACBF7208D69FD001C4516 /* ViewController.swift */ = {isa = PBXFileReference; lastKnownFileType = sourcecode.swift; path = ViewController.swift; sourceTree = "<group>"; };
		C91ACBFA208D69FD001C4516 /* Base */ = {isa = PBXFileReference; lastKnownFileType = file.storyboard; name = Base; path = Base.lproj/Main.storyboard; sourceTree = "<group>"; };
		C91ACBFC208D69FE001C4516 /* Assets.xcassets */ = {isa = PBXFileReference; lastKnownFileType = folder.assetcatalog; path = Assets.xcassets; sourceTree = "<group>"; };
		C91ACBFF208D69FE001C4516 /* Base */ = {isa = PBXFileReference; lastKnownFileType = file.storyboard; name = Base; path = Base.lproj/LaunchScreen.storyboard; sourceTree = "<group>"; };
		C91ACC01208D69FE001C4516 /* Info.plist */ = {isa = PBXFileReference; lastKnownFileType = text.plist.xml; path = Info.plist; sourceTree = "<group>"; };
		C91ACC06208D69FE001C4516 /* MedOpsTrialManagementTests.xctest */ = {isa = PBXFileReference; explicitFileType = wrapper.cfbundle; includeInIndex = 0; path = MedOpsTrialManagementTests.xctest; sourceTree = BUILT_PRODUCTS_DIR; };
		C91ACC0A208D69FE001C4516 /* MedOpsTrialManagementTests.swift */ = {isa = PBXFileReference; lastKnownFileType = sourcecode.swift; path = MedOpsTrialManagementTests.swift; sourceTree = "<group>"; };
		C91ACC0C208D69FE001C4516 /* Info.plist */ = {isa = PBXFileReference; lastKnownFileType = text.plist.xml; path = Info.plist; sourceTree = "<group>"; };
		C91ACC11208D69FE001C4516 /* MedOpsTrialManagementUITests.xctest */ = {isa = PBXFileReference; explicitFileType = wrapper.cfbundle; includeInIndex = 0; path = MedOpsTrialManagementUITests.xctest; sourceTree = BUILT_PRODUCTS_DIR; };
		C91ACC15208D69FE001C4516 /* MedOpsTrialManagementUITests.swift */ = {isa = PBXFileReference; lastKnownFileType = sourcecode.swift; path = MedOpsTrialManagementUITests.swift; sourceTree = "<group>"; };
		C91ACC17208D69FE001C4516 /* Info.plist */ = {isa = PBXFileReference; lastKnownFileType = text.plist.xml; path = Info.plist; sourceTree = "<group>"; };
		C92D60652166F2DE00A6F985 /* Diseases.swift */ = {isa = PBXFileReference; lastKnownFileType = sourcecode.swift; path = Diseases.swift; sourceTree = "<group>"; };
		C92D6069216708FE00A6F985 /* TrialModel.swift */ = {isa = PBXFileReference; lastKnownFileType = sourcecode.swift; path = TrialModel.swift; sourceTree = "<group>"; };
		C92D8A902165C3D30040C97B /* CreateTrialViewController.swift */ = {isa = PBXFileReference; lastKnownFileType = sourcecode.swift; path = CreateTrialViewController.swift; sourceTree = "<group>"; };
		C99F9A07208F9676003991A1 /* TriallMainController.swift */ = {isa = PBXFileReference; lastKnownFileType = sourcecode.swift; path = TriallMainController.swift; sourceTree = "<group>"; };
		C99F9A09208FA8B1003991A1 /* TrialDataMainPageController.swift */ = {isa = PBXFileReference; lastKnownFileType = sourcecode.swift; path = TrialDataMainPageController.swift; sourceTree = "<group>"; };
		C99F9A0B2090B059003991A1 /* TrialDataCollectionFormViewController.swift */ = {isa = PBXFileReference; lastKnownFileType = sourcecode.swift; path = TrialDataCollectionFormViewController.swift; sourceTree = "<group>"; };
		C99F9A0D2091E117003991A1 /* PatientSignatureViewController.swift */ = {isa = PBXFileReference; lastKnownFileType = sourcecode.swift; path = PatientSignatureViewController.swift; sourceTree = "<group>"; };
		C99F9A0F2091E4AF003991A1 /* TrialPatientSampleCollectionViewController.swift */ = {isa = PBXFileReference; lastKnownFileType = sourcecode.swift; path = TrialPatientSampleCollectionViewController.swift; sourceTree = "<group>"; };
		C9C1227A21740135004D502E /* User.swift */ = {isa = PBXFileReference; lastKnownFileType = sourcecode.swift; path = User.swift; sourceTree = "<group>"; };
/* End PBXFileReference section */

/* Begin PBXFrameworksBuildPhase section */
		C91ACBEF208D69FD001C4516 /* Frameworks */ = {
			isa = PBXFrameworksBuildPhase;
			buildActionMask = 2147483647;
			files = (
			);
			runOnlyForDeploymentPostprocessing = 0;
		};
		C91ACC03208D69FE001C4516 /* Frameworks */ = {
			isa = PBXFrameworksBuildPhase;
			buildActionMask = 2147483647;
			files = (
			);
			runOnlyForDeploymentPostprocessing = 0;
		};
		C91ACC0E208D69FE001C4516 /* Frameworks */ = {
			isa = PBXFrameworksBuildPhase;
			buildActionMask = 2147483647;
			files = (
			);
			runOnlyForDeploymentPostprocessing = 0;
		};
/* End PBXFrameworksBuildPhase section */

/* Begin PBXGroup section */
		AE31E0FA21966700004F8FEA /* New Group */ = {
			isa = PBXGroup;
			children = (
			);
			path = "New Group";
			sourceTree = "<group>";
		};
		AEA88C3B217D178600D32E67 /* EvaluationManagement */ = {
			isa = PBXGroup;
			children = (
				AEA88C3C217D17A500D32E67 /* RecentEvaluationsView.swift */,
				AEA88C3E217D1BE800D32E67 /* RecentEvalTableViewCell.swift */,
				AE31E0FF2198B1FB004F8FEA /* EvaluationDetailsController.swift */,
			);
			path = EvaluationManagement;
			sourceTree = "<group>";
		};
		AEABE2EE2194FC13005D6BFB /* BranchManagement */ = {
			isa = PBXGroup;
			children = (
				AE31E0FA21966700004F8FEA /* New Group */,
				AEABE2EF2194FC35005D6BFB /* CreateBranchController.swift */,
				AE31E0F821966599004F8FEA /* BranchListController.swift */,
				AE31E0FD2196681F004F8FEA /* BranchCell.swift */,
			);
			path = BranchManagement;
			sourceTree = "<group>";
		};
		AEF7E2EF216ED2F800671A14 /* QuestionnaireManagement */ = {
			isa = PBXGroup;
			children = (
				AEF7E2F0216ED31800671A14 /* QuestionnaireListView.swift */,
				AEF7E2F2216ED69100671A14 /* CreateQuestionView.swift */,
				AEBABD1221758E9B0060B4DE /* QuestionCell.swift */,
			);
			path = QuestionnaireManagement;
			sourceTree = "<group>";
		};
		AEF7E2F42170259600671A14 /* Models */ = {
			isa = PBXGroup;
			children = (
				C92D6069216708FE00A6F985 /* TrialModel.swift */,
				C92D60652166F2DE00A6F985 /* Diseases.swift */,
				AED78E802165AB2E002104FF /* Trial.swift */,
				AEF7E2F5217025B100671A14 /* Question.swift */,
				C9C1227A21740135004D502E /* User.swift */,
				AEF7E2F7217039F900671A14 /* Answer.swift */,
				AEA88C39217D163600D32E67 /* Evalution.swift */,
				AEABE2F121951964005D6BFB /* Branch.swift */,
				AEABE2F321951992005D6BFB /* Step.swift */,
			);
			path = Models;
			sourceTree = "<group>";
		};
		C91ACBE9208D69FD001C4516 = {
			isa = PBXGroup;
			children = (
				C91ACBF4208D69FD001C4516 /* MedOpsTrialManagement */,
				C91ACC09208D69FE001C4516 /* MedOpsTrialManagementTests */,
				C91ACC14208D69FE001C4516 /* MedOpsTrialManagementUITests */,
				C91ACBF3208D69FD001C4516 /* Products */,
			);
			sourceTree = "<group>";
		};
		C91ACBF3208D69FD001C4516 /* Products */ = {
			isa = PBXGroup;
			children = (
				C91ACBF2208D69FD001C4516 /* MedOpsTrialManagement.app */,
				C91ACC06208D69FE001C4516 /* MedOpsTrialManagementTests.xctest */,
				C91ACC11208D69FE001C4516 /* MedOpsTrialManagementUITests.xctest */,
			);
			name = Products;
			sourceTree = "<group>";
		};
		C91ACBF4208D69FD001C4516 /* MedOpsTrialManagement */ = {
			isa = PBXGroup;
			children = (
				AEF7E2F42170259600671A14 /* Models */,
				C99F9A06208F95A3003991A1 /* Controllers */,
				C91ACBF5208D69FD001C4516 /* AppDelegate.swift */,
				C91ACBF9208D69FD001C4516 /* Main.storyboard */,
				C91ACBFC208D69FE001C4516 /* Assets.xcassets */,
				C91ACBFE208D69FE001C4516 /* LaunchScreen.storyboard */,
				C91ACC01208D69FE001C4516 /* Info.plist */,
			);
			path = MedOpsTrialManagement;
			sourceTree = "<group>";
		};
		C91ACC09208D69FE001C4516 /* MedOpsTrialManagementTests */ = {
			isa = PBXGroup;
			children = (
				C91ACC0A208D69FE001C4516 /* MedOpsTrialManagementTests.swift */,
				C91ACC0C208D69FE001C4516 /* Info.plist */,
			);
			path = MedOpsTrialManagementTests;
			sourceTree = "<group>";
		};
		C91ACC14208D69FE001C4516 /* MedOpsTrialManagementUITests */ = {
			isa = PBXGroup;
			children = (
				C91ACC15208D69FE001C4516 /* MedOpsTrialManagementUITests.swift */,
				C91ACC17208D69FE001C4516 /* Info.plist */,
			);
			path = MedOpsTrialManagementUITests;
			sourceTree = "<group>";
		};
		C99F9A06208F95A3003991A1 /* Controllers */ = {
			isa = PBXGroup;
			children = (
				AEABE2EE2194FC13005D6BFB /* BranchManagement */,
				AEA88C3B217D178600D32E67 /* EvaluationManagement */,
				AEF7E2EF216ED2F800671A14 /* QuestionnaireManagement */,
				C91ACBF7208D69FD001C4516 /* ViewController.swift */,
				C99F9A07208F9676003991A1 /* TriallMainController.swift */,
				C99F9A09208FA8B1003991A1 /* TrialDataMainPageController.swift */,
				C99F9A0B2090B059003991A1 /* TrialDataCollectionFormViewController.swift */,
				C99F9A0D2091E117003991A1 /* PatientSignatureViewController.swift */,
				C99F9A0F2091E4AF003991A1 /* TrialPatientSampleCollectionViewController.swift */,
				AED78E7C2165A125002104FF /* TrialListController.swift */,
				AED78E822165B35B002104FF /* TrialViewCell.swift */,
				AED78E842165B640002104FF /* APIManager.swift */,
				AE56D788216A74F900FD576A /* TrialDetailsController.swift */,
				C92D8A902165C3D30040C97B /* CreateTrialViewController.swift */,
			);
			name = Controllers;
			path = "New Group";
			sourceTree = "<group>";
		};
/* End PBXGroup section */

/* Begin PBXNativeTarget section */
		C91ACBF1208D69FD001C4516 /* MedOpsTrialManagement */ = {
			isa = PBXNativeTarget;
			buildConfigurationList = C91ACC1A208D69FE001C4516 /* Build configuration list for PBXNativeTarget "MedOpsTrialManagement" */;
			buildPhases = (
				C91ACBEE208D69FD001C4516 /* Sources */,
				C91ACBEF208D69FD001C4516 /* Frameworks */,
				C91ACBF0208D69FD001C4516 /* Resources */,
			);
			buildRules = (
			);
			dependencies = (
			);
			name = MedOpsTrialManagement;
			productName = MedOpsTrialManagement;
			productReference = C91ACBF2208D69FD001C4516 /* MedOpsTrialManagement.app */;
			productType = "com.apple.product-type.application";
		};
		C91ACC05208D69FE001C4516 /* MedOpsTrialManagementTests */ = {
			isa = PBXNativeTarget;
			buildConfigurationList = C91ACC1D208D69FE001C4516 /* Build configuration list for PBXNativeTarget "MedOpsTrialManagementTests" */;
			buildPhases = (
				C91ACC02208D69FE001C4516 /* Sources */,
				C91ACC03208D69FE001C4516 /* Frameworks */,
				C91ACC04208D69FE001C4516 /* Resources */,
			);
			buildRules = (
			);
			dependencies = (
				C91ACC08208D69FE001C4516 /* PBXTargetDependency */,
			);
			name = MedOpsTrialManagementTests;
			productName = MedOpsTrialManagementTests;
			productReference = C91ACC06208D69FE001C4516 /* MedOpsTrialManagementTests.xctest */;
			productType = "com.apple.product-type.bundle.unit-test";
		};
		C91ACC10208D69FE001C4516 /* MedOpsTrialManagementUITests */ = {
			isa = PBXNativeTarget;
			buildConfigurationList = C91ACC20208D69FE001C4516 /* Build configuration list for PBXNativeTarget "MedOpsTrialManagementUITests" */;
			buildPhases = (
				C91ACC0D208D69FE001C4516 /* Sources */,
				C91ACC0E208D69FE001C4516 /* Frameworks */,
				C91ACC0F208D69FE001C4516 /* Resources */,
			);
			buildRules = (
			);
			dependencies = (
				C91ACC13208D69FE001C4516 /* PBXTargetDependency */,
			);
			name = MedOpsTrialManagementUITests;
			productName = MedOpsTrialManagementUITests;
			productReference = C91ACC11208D69FE001C4516 /* MedOpsTrialManagementUITests.xctest */;
			productType = "com.apple.product-type.bundle.ui-testing";
		};
/* End PBXNativeTarget section */

/* Begin PBXProject section */
		C91ACBEA208D69FD001C4516 /* Project object */ = {
			isa = PBXProject;
			attributes = {
				LastSwiftUpdateCheck = 0930;
				LastUpgradeCheck = 0930;
				ORGANIZATIONNAME = "Jaimin Patel";
				TargetAttributes = {
					C91ACBF1208D69FD001C4516 = {
						CreatedOnToolsVersion = 9.3;
					};
					C91ACC05208D69FE001C4516 = {
						CreatedOnToolsVersion = 9.3;
						TestTargetID = C91ACBF1208D69FD001C4516;
					};
					C91ACC10208D69FE001C4516 = {
						CreatedOnToolsVersion = 9.3;
						TestTargetID = C91ACBF1208D69FD001C4516;
					};
				};
			};
			buildConfigurationList = C91ACBED208D69FD001C4516 /* Build configuration list for PBXProject "MedOpsTrialManagement" */;
			compatibilityVersion = "Xcode 9.3";
			developmentRegion = en;
			hasScannedForEncodings = 0;
			knownRegions = (
				en,
				Base,
			);
			mainGroup = C91ACBE9208D69FD001C4516;
			productRefGroup = C91ACBF3208D69FD001C4516 /* Products */;
			projectDirPath = "";
			projectRoot = "";
			targets = (
				C91ACBF1208D69FD001C4516 /* MedOpsTrialManagement */,
				C91ACC05208D69FE001C4516 /* MedOpsTrialManagementTests */,
				C91ACC10208D69FE001C4516 /* MedOpsTrialManagementUITests */,
			);
		};
/* End PBXProject section */

/* Begin PBXResourcesBuildPhase section */
		C91ACBF0208D69FD001C4516 /* Resources */ = {
			isa = PBXResourcesBuildPhase;
			buildActionMask = 2147483647;
			files = (
				C91ACC00208D69FE001C4516 /* LaunchScreen.storyboard in Resources */,
				C91ACBFD208D69FE001C4516 /* Assets.xcassets in Resources */,
				C91ACBFB208D69FD001C4516 /* Main.storyboard in Resources */,
			);
			runOnlyForDeploymentPostprocessing = 0;
		};
		C91ACC04208D69FE001C4516 /* Resources */ = {
			isa = PBXResourcesBuildPhase;
			buildActionMask = 2147483647;
			files = (
			);
			runOnlyForDeploymentPostprocessing = 0;
		};
		C91ACC0F208D69FE001C4516 /* Resources */ = {
			isa = PBXResourcesBuildPhase;
			buildActionMask = 2147483647;
			files = (
			);
			runOnlyForDeploymentPostprocessing = 0;
		};
/* End PBXResourcesBuildPhase section */

/* Begin PBXSourcesBuildPhase section */
		C91ACBEE208D69FD001C4516 /* Sources */ = {
			isa = PBXSourcesBuildPhase;
			buildActionMask = 2147483647;
			files = (
				AEF7E2F6217025B100671A14 /* Question.swift in Sources */,
				AED78E812165AB2E002104FF /* Trial.swift in Sources */,
				AEA88C3A217D163600D32E67 /* Evalution.swift in Sources */,
				AED78E7D2165A125002104FF /* TrialListController.swift in Sources */,
				AEA88C3F217D1BE800D32E67 /* RecentEvalTableViewCell.swift in Sources */,
				C99F9A102091E4AF003991A1 /* TrialPatientSampleCollectionViewController.swift in Sources */,
				C9C1227B21740135004D502E /* User.swift in Sources */,
				C99F9A08208F9676003991A1 /* TriallMainController.swift in Sources */,
				AED78E852165B640002104FF /* APIManager.swift in Sources */,
				C92D60662166F2DE00A6F985 /* Diseases.swift in Sources */,
				C99F9A102091E4AF003991A1 /* TrialPatientSampleCollectionViewController.swift in Sources */,
				C92D8A912165C3D30040C97B /* CreateTrialViewController.swift in Sources */,
				C99F9A08208F9676003991A1 /* TriallMainController.swift in Sources */,
				AE31E0FE2196681F004F8FEA /* BranchCell.swift in Sources */,
				AE31E0F921966599004F8FEA /* BranchListController.swift in Sources */,
				AEABE2F221951964005D6BFB /* Branch.swift in Sources */,
				C92D606A216708FE00A6F985 /* TrialModel.swift in Sources */,
				C91ACBF8208D69FD001C4516 /* ViewController.swift in Sources */,
				AEA88C3D217D17A500D32E67 /* RecentEvaluationsView.swift in Sources */,
				AEBABD1321758E9B0060B4DE /* QuestionCell.swift in Sources */,
				AEABE2F421951992005D6BFB /* Step.swift in Sources */,
				AEF7E2F8217039F900671A14 /* Answer.swift in Sources */,
				AEF7E2F3216ED69100671A14 /* CreateQuestionView.swift in Sources */,
				C99F9A0C2090B059003991A1 /* TrialDataCollectionFormViewController.swift in Sources */,
				AED78E832165B35B002104FF /* TrialViewCell.swift in Sources */,
				C99F9A0A208FA8B1003991A1 /* TrialDataMainPageController.swift in Sources */,
				AE31E1002198B1FB004F8FEA /* EvaluationDetailsController.swift in Sources */,
				AE56D789216A74F900FD576A /* TrialDetailsController.swift in Sources */,
				C91ACBF6208D69FD001C4516 /* AppDelegate.swift in Sources */,
				AEABE2F02194FC35005D6BFB /* CreateBranchController.swift in Sources */,
				C99F9A0E2091E117003991A1 /* PatientSignatureViewController.swift in Sources */,
				AEF7E2F1216ED31800671A14 /* QuestionnaireListView.swift in Sources */,
			);
			runOnlyForDeploymentPostprocessing = 0;
		};
		C91ACC02208D69FE001C4516 /* Sources */ = {
			isa = PBXSourcesBuildPhase;
			buildActionMask = 2147483647;
			files = (
				C91ACC0B208D69FE001C4516 /* MedOpsTrialManagementTests.swift in Sources */,
			);
			runOnlyForDeploymentPostprocessing = 0;
		};
		C91ACC0D208D69FE001C4516 /* Sources */ = {
			isa = PBXSourcesBuildPhase;
			buildActionMask = 2147483647;
			files = (
				C91ACC16208D69FE001C4516 /* MedOpsTrialManagementUITests.swift in Sources */,
			);
			runOnlyForDeploymentPostprocessing = 0;
		};
/* End PBXSourcesBuildPhase section */

/* Begin PBXTargetDependency section */
		C91ACC08208D69FE001C4516 /* PBXTargetDependency */ = {
			isa = PBXTargetDependency;
			target = C91ACBF1208D69FD001C4516 /* MedOpsTrialManagement */;
			targetProxy = C91ACC07208D69FE001C4516 /* PBXContainerItemProxy */;
		};
		C91ACC13208D69FE001C4516 /* PBXTargetDependency */ = {
			isa = PBXTargetDependency;
			target = C91ACBF1208D69FD001C4516 /* MedOpsTrialManagement */;
			targetProxy = C91ACC12208D69FE001C4516 /* PBXContainerItemProxy */;
		};
/* End PBXTargetDependency section */

/* Begin PBXVariantGroup section */
		C91ACBF9208D69FD001C4516 /* Main.storyboard */ = {
			isa = PBXVariantGroup;
			children = (
				C91ACBFA208D69FD001C4516 /* Base */,
			);
			name = Main.storyboard;
			sourceTree = "<group>";
		};
		C91ACBFE208D69FE001C4516 /* LaunchScreen.storyboard */ = {
			isa = PBXVariantGroup;
			children = (
				C91ACBFF208D69FE001C4516 /* Base */,
			);
			name = LaunchScreen.storyboard;
			sourceTree = "<group>";
		};
/* End PBXVariantGroup section */

/* Begin XCBuildConfiguration section */
		C91ACC18208D69FE001C4516 /* Debug */ = {
			isa = XCBuildConfiguration;
			buildSettings = {
				ALWAYS_SEARCH_USER_PATHS = NO;
				CLANG_ANALYZER_NONNULL = YES;
				CLANG_ANALYZER_NUMBER_OBJECT_CONVERSION = YES_AGGRESSIVE;
				CLANG_CXX_LANGUAGE_STANDARD = "gnu++14";
				CLANG_CXX_LIBRARY = "libc++";
				CLANG_ENABLE_MODULES = YES;
				CLANG_ENABLE_OBJC_ARC = YES;
				CLANG_ENABLE_OBJC_WEAK = YES;
				CLANG_WARN_BLOCK_CAPTURE_AUTORELEASING = YES;
				CLANG_WARN_BOOL_CONVERSION = YES;
				CLANG_WARN_COMMA = YES;
				CLANG_WARN_CONSTANT_CONVERSION = YES;
				CLANG_WARN_DEPRECATED_OBJC_IMPLEMENTATIONS = YES;
				CLANG_WARN_DIRECT_OBJC_ISA_USAGE = YES_ERROR;
				CLANG_WARN_DOCUMENTATION_COMMENTS = YES;
				CLANG_WARN_EMPTY_BODY = YES;
				CLANG_WARN_ENUM_CONVERSION = YES;
				CLANG_WARN_INFINITE_RECURSION = YES;
				CLANG_WARN_INT_CONVERSION = YES;
				CLANG_WARN_NON_LITERAL_NULL_CONVERSION = YES;
				CLANG_WARN_OBJC_IMPLICIT_RETAIN_SELF = YES;
				CLANG_WARN_OBJC_LITERAL_CONVERSION = YES;
				CLANG_WARN_OBJC_ROOT_CLASS = YES_ERROR;
				CLANG_WARN_RANGE_LOOP_ANALYSIS = YES;
				CLANG_WARN_STRICT_PROTOTYPES = YES;
				CLANG_WARN_SUSPICIOUS_MOVE = YES;
				CLANG_WARN_UNGUARDED_AVAILABILITY = YES_AGGRESSIVE;
				CLANG_WARN_UNREACHABLE_CODE = YES;
				CLANG_WARN__DUPLICATE_METHOD_MATCH = YES;
				CODE_SIGN_IDENTITY = "iPhone Developer";
				COPY_PHASE_STRIP = NO;
				DEBUG_INFORMATION_FORMAT = dwarf;
				ENABLE_STRICT_OBJC_MSGSEND = YES;
				ENABLE_TESTABILITY = YES;
				GCC_C_LANGUAGE_STANDARD = gnu11;
				GCC_DYNAMIC_NO_PIC = NO;
				GCC_NO_COMMON_BLOCKS = YES;
				GCC_OPTIMIZATION_LEVEL = 0;
				GCC_PREPROCESSOR_DEFINITIONS = (
					"DEBUG=1",
					"$(inherited)",
				);
				GCC_WARN_64_TO_32_BIT_CONVERSION = YES;
				GCC_WARN_ABOUT_RETURN_TYPE = YES_ERROR;
				GCC_WARN_UNDECLARED_SELECTOR = YES;
				GCC_WARN_UNINITIALIZED_AUTOS = YES_AGGRESSIVE;
				GCC_WARN_UNUSED_FUNCTION = YES;
				GCC_WARN_UNUSED_VARIABLE = YES;
				IPHONEOS_DEPLOYMENT_TARGET = 11.3;
				MTL_ENABLE_DEBUG_INFO = YES;
				ONLY_ACTIVE_ARCH = YES;
				SDKROOT = iphoneos;
				SWIFT_ACTIVE_COMPILATION_CONDITIONS = DEBUG;
				SWIFT_OPTIMIZATION_LEVEL = "-Onone";
			};
			name = Debug;
		};
		C91ACC19208D69FE001C4516 /* Release */ = {
			isa = XCBuildConfiguration;
			buildSettings = {
				ALWAYS_SEARCH_USER_PATHS = NO;
				CLANG_ANALYZER_NONNULL = YES;
				CLANG_ANALYZER_NUMBER_OBJECT_CONVERSION = YES_AGGRESSIVE;
				CLANG_CXX_LANGUAGE_STANDARD = "gnu++14";
				CLANG_CXX_LIBRARY = "libc++";
				CLANG_ENABLE_MODULES = YES;
				CLANG_ENABLE_OBJC_ARC = YES;
				CLANG_ENABLE_OBJC_WEAK = YES;
				CLANG_WARN_BLOCK_CAPTURE_AUTORELEASING = YES;
				CLANG_WARN_BOOL_CONVERSION = YES;
				CLANG_WARN_COMMA = YES;
				CLANG_WARN_CONSTANT_CONVERSION = YES;
				CLANG_WARN_DEPRECATED_OBJC_IMPLEMENTATIONS = YES;
				CLANG_WARN_DIRECT_OBJC_ISA_USAGE = YES_ERROR;
				CLANG_WARN_DOCUMENTATION_COMMENTS = YES;
				CLANG_WARN_EMPTY_BODY = YES;
				CLANG_WARN_ENUM_CONVERSION = YES;
				CLANG_WARN_INFINITE_RECURSION = YES;
				CLANG_WARN_INT_CONVERSION = YES;
				CLANG_WARN_NON_LITERAL_NULL_CONVERSION = YES;
				CLANG_WARN_OBJC_IMPLICIT_RETAIN_SELF = YES;
				CLANG_WARN_OBJC_LITERAL_CONVERSION = YES;
				CLANG_WARN_OBJC_ROOT_CLASS = YES_ERROR;
				CLANG_WARN_RANGE_LOOP_ANALYSIS = YES;
				CLANG_WARN_STRICT_PROTOTYPES = YES;
				CLANG_WARN_SUSPICIOUS_MOVE = YES;
				CLANG_WARN_UNGUARDED_AVAILABILITY = YES_AGGRESSIVE;
				CLANG_WARN_UNREACHABLE_CODE = YES;
				CLANG_WARN__DUPLICATE_METHOD_MATCH = YES;
				CODE_SIGN_IDENTITY = "iPhone Developer";
				COPY_PHASE_STRIP = NO;
				DEBUG_INFORMATION_FORMAT = "dwarf-with-dsym";
				ENABLE_NS_ASSERTIONS = NO;
				ENABLE_STRICT_OBJC_MSGSEND = YES;
				GCC_C_LANGUAGE_STANDARD = gnu11;
				GCC_NO_COMMON_BLOCKS = YES;
				GCC_WARN_64_TO_32_BIT_CONVERSION = YES;
				GCC_WARN_ABOUT_RETURN_TYPE = YES_ERROR;
				GCC_WARN_UNDECLARED_SELECTOR = YES;
				GCC_WARN_UNINITIALIZED_AUTOS = YES_AGGRESSIVE;
				GCC_WARN_UNUSED_FUNCTION = YES;
				GCC_WARN_UNUSED_VARIABLE = YES;
				IPHONEOS_DEPLOYMENT_TARGET = 11.3;
				MTL_ENABLE_DEBUG_INFO = NO;
				SDKROOT = iphoneos;
				SWIFT_COMPILATION_MODE = wholemodule;
				SWIFT_OPTIMIZATION_LEVEL = "-O";
				VALIDATE_PRODUCT = YES;
			};
			name = Release;
		};
		C91ACC1B208D69FE001C4516 /* Debug */ = {
			isa = XCBuildConfiguration;
			buildSettings = {
				ASSETCATALOG_COMPILER_APPICON_NAME = AppIcon;
				CODE_SIGN_STYLE = Automatic;
				DEVELOPMENT_TEAM = 9WS25SL9BP;
				INFOPLIST_FILE = MedOpsTrialManagement/Info.plist;
				IPHONEOS_DEPLOYMENT_TARGET = 10.0;
				LD_RUNPATH_SEARCH_PATHS = (
					"$(inherited)",
					"@executable_path/Frameworks",
				);
				PRODUCT_BUNDLE_IDENTIFIER = com.medops.trialmanagement;
				PRODUCT_NAME = "$(TARGET_NAME)";
				SWIFT_VERSION = 4.0;
				TARGETED_DEVICE_FAMILY = "1,2";
			};
			name = Debug;
		};
		C91ACC1C208D69FE001C4516 /* Release */ = {
			isa = XCBuildConfiguration;
			buildSettings = {
				ASSETCATALOG_COMPILER_APPICON_NAME = AppIcon;
				CODE_SIGN_STYLE = Automatic;
				DEVELOPMENT_TEAM = 9WS25SL9BP;
				INFOPLIST_FILE = MedOpsTrialManagement/Info.plist;
				IPHONEOS_DEPLOYMENT_TARGET = 10.0;
				LD_RUNPATH_SEARCH_PATHS = (
					"$(inherited)",
					"@executable_path/Frameworks",
				);
				PRODUCT_BUNDLE_IDENTIFIER = com.medops.trialmanagement;
				PRODUCT_NAME = "$(TARGET_NAME)";
				SWIFT_VERSION = 4.0;
				TARGETED_DEVICE_FAMILY = "1,2";
			};
			name = Release;
		};
		C91ACC1E208D69FE001C4516 /* Debug */ = {
			isa = XCBuildConfiguration;
			buildSettings = {
				ALWAYS_EMBED_SWIFT_STANDARD_LIBRARIES = YES;
				BUNDLE_LOADER = "$(TEST_HOST)";
				CODE_SIGN_STYLE = Automatic;
				DEVELOPMENT_TEAM = 9WS25SL9BP;
				INFOPLIST_FILE = MedOpsTrialManagementTests/Info.plist;
				LD_RUNPATH_SEARCH_PATHS = (
					"$(inherited)",
					"@executable_path/Frameworks",
					"@loader_path/Frameworks",
				);
				PRODUCT_BUNDLE_IDENTIFIER = com.JP.MedOpsTrialManagementTests;
				PRODUCT_NAME = "$(TARGET_NAME)";
				SWIFT_VERSION = 4.0;
				TARGETED_DEVICE_FAMILY = "1,2";
				TEST_HOST = "$(BUILT_PRODUCTS_DIR)/MedOpsTrialManagement.app/MedOpsTrialManagement";
			};
			name = Debug;
		};
		C91ACC1F208D69FE001C4516 /* Release */ = {
			isa = XCBuildConfiguration;
			buildSettings = {
				ALWAYS_EMBED_SWIFT_STANDARD_LIBRARIES = YES;
				BUNDLE_LOADER = "$(TEST_HOST)";
				CODE_SIGN_STYLE = Automatic;
				DEVELOPMENT_TEAM = 9WS25SL9BP;
				INFOPLIST_FILE = MedOpsTrialManagementTests/Info.plist;
				LD_RUNPATH_SEARCH_PATHS = (
					"$(inherited)",
					"@executable_path/Frameworks",
					"@loader_path/Frameworks",
				);
				PRODUCT_BUNDLE_IDENTIFIER = com.JP.MedOpsTrialManagementTests;
				PRODUCT_NAME = "$(TARGET_NAME)";
				SWIFT_VERSION = 4.0;
				TARGETED_DEVICE_FAMILY = "1,2";
				TEST_HOST = "$(BUILT_PRODUCTS_DIR)/MedOpsTrialManagement.app/MedOpsTrialManagement";
			};
			name = Release;
		};
		C91ACC21208D69FE001C4516 /* Debug */ = {
			isa = XCBuildConfiguration;
			buildSettings = {
				ALWAYS_EMBED_SWIFT_STANDARD_LIBRARIES = YES;
				CODE_SIGN_STYLE = Automatic;
				DEVELOPMENT_TEAM = 9WS25SL9BP;
				INFOPLIST_FILE = MedOpsTrialManagementUITests/Info.plist;
				LD_RUNPATH_SEARCH_PATHS = (
					"$(inherited)",
					"@executable_path/Frameworks",
					"@loader_path/Frameworks",
				);
				PRODUCT_BUNDLE_IDENTIFIER = com.JP.MedOpsTrialManagementUITests;
				PRODUCT_NAME = "$(TARGET_NAME)";
				SWIFT_VERSION = 4.0;
				TARGETED_DEVICE_FAMILY = "1,2";
				TEST_TARGET_NAME = MedOpsTrialManagement;
			};
			name = Debug;
		};
		C91ACC22208D69FE001C4516 /* Release */ = {
			isa = XCBuildConfiguration;
			buildSettings = {
				ALWAYS_EMBED_SWIFT_STANDARD_LIBRARIES = YES;
				CODE_SIGN_STYLE = Automatic;
				DEVELOPMENT_TEAM = 9WS25SL9BP;
				INFOPLIST_FILE = MedOpsTrialManagementUITests/Info.plist;
				LD_RUNPATH_SEARCH_PATHS = (
					"$(inherited)",
					"@executable_path/Frameworks",
					"@loader_path/Frameworks",
				);
				PRODUCT_BUNDLE_IDENTIFIER = com.JP.MedOpsTrialManagementUITests;
				PRODUCT_NAME = "$(TARGET_NAME)";
				SWIFT_VERSION = 4.0;
				TARGETED_DEVICE_FAMILY = "1,2";
				TEST_TARGET_NAME = MedOpsTrialManagement;
			};
			name = Release;
		};
/* End XCBuildConfiguration section */

/* Begin XCConfigurationList section */
		C91ACBED208D69FD001C4516 /* Build configuration list for PBXProject "MedOpsTrialManagement" */ = {
			isa = XCConfigurationList;
			buildConfigurations = (
				C91ACC18208D69FE001C4516 /* Debug */,
				C91ACC19208D69FE001C4516 /* Release */,
			);
			defaultConfigurationIsVisible = 0;
			defaultConfigurationName = Release;
		};
		C91ACC1A208D69FE001C4516 /* Build configuration list for PBXNativeTarget "MedOpsTrialManagement" */ = {
			isa = XCConfigurationList;
			buildConfigurations = (
				C91ACC1B208D69FE001C4516 /* Debug */,
				C91ACC1C208D69FE001C4516 /* Release */,
			);
			defaultConfigurationIsVisible = 0;
			defaultConfigurationName = Release;
		};
		C91ACC1D208D69FE001C4516 /* Build configuration list for PBXNativeTarget "MedOpsTrialManagementTests" */ = {
			isa = XCConfigurationList;
			buildConfigurations = (
				C91ACC1E208D69FE001C4516 /* Debug */,
				C91ACC1F208D69FE001C4516 /* Release */,
			);
			defaultConfigurationIsVisible = 0;
			defaultConfigurationName = Release;
		};
		C91ACC20208D69FE001C4516 /* Build configuration list for PBXNativeTarget "MedOpsTrialManagementUITests" */ = {
			isa = XCConfigurationList;
			buildConfigurations = (
				C91ACC21208D69FE001C4516 /* Debug */,
				C91ACC22208D69FE001C4516 /* Release */,
			);
			defaultConfigurationIsVisible = 0;
			defaultConfigurationName = Release;
		};
/* End XCConfigurationList section */
	};
	rootObject = C91ACBEA208D69FD001C4516 /* Project object */;
}
